
Microsoft Visual Studio Solution File, Format Version 12.00
# Visual Studio 15
VisualStudioVersion = 15.0.26228.9
MinimumVisualStudioVersion = 10.0.40219.1
Project("{FAE04EC0-301F-11D3-BF4B-00C04F79EFBC}") = "StringsAndArrays", "StringsAndArrays\StringsAndArrays.csproj", "{7D5824B4-7BD3-47C4-BD2A-C160A6170A61}"
EndProject
Project("{FAE04EC0-301F-11D3-BF4B-00C04F79EFBC}") = "LinkedLists", "LinkedLists\LinkedLists.csproj", "{F57CF875-635A-4691-B42E-ADF838DCC839}"
EndProject
Project("{FAE04EC0-301F-11D3-BF4B-00C04F79EFBC}") = "OODesign", "OODesign\OODesign.csproj", "{8654CF43-DFAE-4C34-8DB5-58862A2B409F}"
EndProject
Project("{FAE04EC0-301F-11D3-BF4B-00C04F79EFBC}") = "PrimitiveTypes", "PrimitiveTypes\PrimitiveTypes.csproj", "{9F4AFCC4-15F8-4DE9-ABB5-DEA94E333647}"
EndProject
Project("{FAE04EC0-301F-11D3-BF4B-00C04F79EFBC}") = "Implementations", "Implementations\Implementations.csproj", "{0015580F-7F41-4F9F-95F2-F0976879AE69}"
EndProject
Project("{FAE04EC0-301F-11D3-BF4B-00C04F79EFBC}") = "Trees", "Trees\Trees.csproj", "{D92DCF14-DA62-49DE-BF74-1CC73D18F60D}"
EndProject
Global
	GlobalSection(SolutionConfigurationPlatforms) = preSolution
		Debug|Any CPU = Debug|Any CPU
		Release|Any CPU = Release|Any CPU
	EndGlobalSection
	GlobalSection(ProjectConfigurationPlatforms) = postSolution
		{7D5824B4-7BD3-47C4-BD2A-C160A6170A61}.Debug|Any CPU.ActiveCfg = Debug|Any CPU
		{7D5824B4-7BD3-47C4-BD2A-C160A6170A61}.Debug|Any CPU.Build.0 = Debug|Any CPU
		{7D5824B4-7BD3-47C4-BD2A-C160A6170A61}.Release|Any CPU.ActiveCfg = Release|Any CPU
		{7D5824B4-7BD3-47C4-BD2A-C160A6170A61}.Release|Any CPU.Build.0 = Release|Any CPU
		{F57CF875-635A-4691-B42E-ADF838DCC839}.Debug|Any CPU.ActiveCfg = Debug|Any CPU
		{F57CF875-635A-4691-B42E-ADF838DCC839}.Debug|Any CPU.Build.0 = Debug|Any CPU
		{F57CF875-635A-4691-B42E-ADF838DCC839}.Release|Any CPU.ActiveCfg = Release|Any CPU
		{F57CF875-635A-4691-B42E-ADF838DCC839}.Release|Any CPU.Build.0 = Release|Any CPU
		{8654CF43-DFAE-4C34-8DB5-58862A2B409F}.Debug|Any CPU.ActiveCfg = Debug|Any CPU
		{8654CF43-DFAE-4C34-8DB5-58862A2B409F}.Debug|Any CPU.Build.0 = Debug|Any CPU
		{8654CF43-DFAE-4C34-8DB5-58862A2B409F}.Release|Any CPU.ActiveCfg = Release|Any CPU
		{8654CF43-DFAE-4C34-8DB5-58862A2B409F}.Release|Any CPU.Build.0 = Release|Any CPU
		{9F4AFCC4-15F8-4DE9-ABB5-DEA94E333647}.Debug|Any CPU.ActiveCfg = Debug|Any CPU
		{9F4AFCC4-15F8-4DE9-ABB5-DEA94E333647}.Debug|Any CPU.Build.0 = Debug|Any CPU
		{9F4AFCC4-15F8-4DE9-ABB5-DEA94E333647}.Release|Any CPU.ActiveCfg = Release|Any CPU
		{9F4AFCC4-15F8-4DE9-ABB5-DEA94E333647}.Release|Any CPU.Build.0 = Release|Any CPU
		{0015580F-7F41-4F9F-95F2-F0976879AE69}.Debug|Any CPU.ActiveCfg = Debug|Any CPU
		{0015580F-7F41-4F9F-95F2-F0976879AE69}.Debug|Any CPU.Build.0 = Debug|Any CPU
		{0015580F-7F41-4F9F-95F2-F0976879AE69}.Release|Any CPU.ActiveCfg = Release|Any CPU
		{0015580F-7F41-4F9F-95F2-F0976879AE69}.Release|Any CPU.Build.0 = Release|Any CPU
		{D92DCF14-DA62-49DE-BF74-1CC73D18F60D}.Debug|Any CPU.ActiveCfg = Debug|Any CPU
		{D92DCF14-DA62-49DE-BF74-1CC73D18F60D}.Debug|Any CPU.Build.0 = Debug|Any CPU
		{D92DCF14-DA62-49DE-BF74-1CC73D18F60D}.Release|Any CPU.ActiveCfg = Release|Any CPU
		{D92DCF14-DA62-49DE-BF74-1CC73D18F60D}.Release|Any CPU.Build.0 = Release|Any CPU
	EndGlobalSection
	GlobalSection(SolutionProperties) = preSolution
		HideSolutionNode = FALSE
	EndGlobalSection
EndGlobal
